// !$*UTF8*$!
{
	archiveVersion = 1;
	classes = {
	};
	objectVersion = 56;
	objects = {

/* Begin PBXBuildFile section */
		C1EA2F742A38F9C800F192D8 /* AppDelegate.swift in Sources */ = {isa = PBXBuildFile; fileRef = C1EA2F732A38F9C800F192D8 /* AppDelegate.swift */; };
		C1EA2F762A38F9C800F192D8 /* SceneDelegate.swift in Sources */ = {isa = PBXBuildFile; fileRef = C1EA2F752A38F9C800F192D8 /* SceneDelegate.swift */; };
		C1EA2F782A38F9C800F192D8 /* ViewController.swift in Sources */ = {isa = PBXBuildFile; fileRef = C1EA2F772A38F9C800F192D8 /* ViewController.swift */; };
		C1EA2F7B2A38F9C800F192D8 /* Main.storyboard in Resources */ = {isa = PBXBuildFile; fileRef = C1EA2F792A38F9C800F192D8 /* Main.storyboard */; };
		C1EA2F7E2A38F9C800F192D8 /* Bloggy.xcdatamodeld in Sources */ = {isa = PBXBuildFile; fileRef = C1EA2F7C2A38F9C800F192D8 /* Bloggy.xcdatamodeld */; };
		C1EA2F802A38F9C900F192D8 /* Assets.xcassets in Resources */ = {isa = PBXBuildFile; fileRef = C1EA2F7F2A38F9C900F192D8 /* Assets.xcassets */; };
		C1EA2F832A38F9C900F192D8 /* LaunchScreen.storyboard in Resources */ = {isa = PBXBuildFile; fileRef = C1EA2F812A38F9C900F192D8 /* LaunchScreen.storyboard */; };
		C1EA2F8E2A38F9C900F192D8 /* BloggyTests.swift in Sources */ = {isa = PBXBuildFile; fileRef = C1EA2F8D2A38F9C900F192D8 /* BloggyTests.swift */; };
		C1EA2F982A38F9C900F192D8 /* BloggyUITests.swift in Sources */ = {isa = PBXBuildFile; fileRef = C1EA2F972A38F9C900F192D8 /* BloggyUITests.swift */; };
		C1EA2F9A2A38F9C900F192D8 /* BloggyUITestsLaunchTests.swift in Sources */ = {isa = PBXBuildFile; fileRef = C1EA2F992A38F9C900F192D8 /* BloggyUITestsLaunchTests.swift */; };
		C1EA2FA82A38FACD00F192D8 /* FirebaseAnalytics in Frameworks */ = {isa = PBXBuildFile; productRef = C1EA2FA72A38FACD00F192D8 /* FirebaseAnalytics */; };
		C1EA2FAA2A38FACD00F192D8 /* FirebaseDatabase in Frameworks */ = {isa = PBXBuildFile; productRef = C1EA2FA92A38FACD00F192D8 /* FirebaseDatabase */; };
		C1EA2FAC2A38FACD00F192D8 /* FirebaseDatabaseSwift in Frameworks */ = {isa = PBXBuildFile; productRef = C1EA2FAB2A38FACD00F192D8 /* FirebaseDatabaseSwift */; };
		C1EA2FAE2A38FACD00F192D8 /* FirebaseStorage in Frameworks */ = {isa = PBXBuildFile; productRef = C1EA2FAD2A38FACD00F192D8 /* FirebaseStorage */; };
		C1EA2FB52A39034600F192D8 /* Blog.swift in Sources */ = {isa = PBXBuildFile; fileRef = C1EA2FB42A39034600F192D8 /* Blog.swift */; };
		C1EA2FB62A39034600F192D8 /* Blog.swift in Sources */ = {isa = PBXBuildFile; fileRef = C1EA2FB42A39034600F192D8 /* Blog.swift */; };
		C1EA2FB72A39034600F192D8 /* Blog.swift in Sources */ = {isa = PBXBuildFile; fileRef = C1EA2FB42A39034600F192D8 /* Blog.swift */; };
		C1EA2FBB2A39062C00F192D8 /* BlogCell.swift in Sources */ = {isa = PBXBuildFile; fileRef = C1EA2FBA2A39062C00F192D8 /* BlogCell.swift */; };
		C2A0FA732A3A160000DB068F /* GoogleService-Info.plist in Resources */ = {isa = PBXBuildFile; fileRef = C2A0FA722A3A160000DB068F /* GoogleService-Info.plist */; };
		C2A0FA742A3A160000DB068F /* GoogleService-Info.plist in Resources */ = {isa = PBXBuildFile; fileRef = C2A0FA722A3A160000DB068F /* GoogleService-Info.plist */; };
		C2A0FA752A3A160000DB068F /* GoogleService-Info.plist in Resources */ = {isa = PBXBuildFile; fileRef = C2A0FA722A3A160000DB068F /* GoogleService-Info.plist */; };
		C2A0FA772A3A250300DB068F /* FirebaseManager.swift in Sources */ = {isa = PBXBuildFile; fileRef = C2A0FA762A3A250300DB068F /* FirebaseManager.swift */; };
		C2A0FA782A3A250300DB068F /* FirebaseManager.swift in Sources */ = {isa = PBXBuildFile; fileRef = C2A0FA762A3A250300DB068F /* FirebaseManager.swift */; };
		C2A0FA792A3A250300DB068F /* FirebaseManager.swift in Sources */ = {isa = PBXBuildFile; fileRef = C2A0FA762A3A250300DB068F /* FirebaseManager.swift */; };
		C2D81FCA2A3C7EAD00682BE3 /* BlogViewController.swift in Sources */ = {isa = PBXBuildFile; fileRef = C2D81FC92A3C7EAD00682BE3 /* BlogViewController.swift */; };
/* End PBXBuildFile section */

/* Begin PBXContainerItemProxy section */
		C1EA2F8A2A38F9C900F192D8 /* PBXContainerItemProxy */ = {
			isa = PBXContainerItemProxy;
			containerPortal = C1EA2F682A38F9C800F192D8 /* Project object */;
			proxyType = 1;
			remoteGlobalIDString = C1EA2F6F2A38F9C800F192D8;
			remoteInfo = Bloggy;
		};
		C1EA2F942A38F9C900F192D8 /* PBXContainerItemProxy */ = {
			isa = PBXContainerItemProxy;
			containerPortal = C1EA2F682A38F9C800F192D8 /* Project object */;
			proxyType = 1;
			remoteGlobalIDString = C1EA2F6F2A38F9C800F192D8;
			remoteInfo = Bloggy;
		};
/* End PBXContainerItemProxy section */

/* Begin PBXFileReference section */
		C1EA2F702A38F9C800F192D8 /* Bloggy.app */ = {isa = PBXFileReference; explicitFileType = wrapper.application; includeInIndex = 0; path = Bloggy.app; sourceTree = BUILT_PRODUCTS_DIR; };
		C1EA2F732A38F9C800F192D8 /* AppDelegate.swift */ = {isa = PBXFileReference; lastKnownFileType = sourcecode.swift; path = AppDelegate.swift; sourceTree = "<group>"; };
		C1EA2F752A38F9C800F192D8 /* SceneDelegate.swift */ = {isa = PBXFileReference; lastKnownFileType = sourcecode.swift; path = SceneDelegate.swift; sourceTree = "<group>"; };
		C1EA2F772A38F9C800F192D8 /* ViewController.swift */ = {isa = PBXFileReference; lastKnownFileType = sourcecode.swift; path = ViewController.swift; sourceTree = "<group>"; };
		C1EA2F7A2A38F9C800F192D8 /* Base */ = {isa = PBXFileReference; lastKnownFileType = file.storyboard; name = Base; path = Base.lproj/Main.storyboard; sourceTree = "<group>"; };
		C1EA2F7D2A38F9C800F192D8 /* Bloggy.xcdatamodel */ = {isa = PBXFileReference; lastKnownFileType = wrapper.xcdatamodel; path = Bloggy.xcdatamodel; sourceTree = "<group>"; };
		C1EA2F7F2A38F9C900F192D8 /* Assets.xcassets */ = {isa = PBXFileReference; lastKnownFileType = folder.assetcatalog; path = Assets.xcassets; sourceTree = "<group>"; };
		C1EA2F822A38F9C900F192D8 /* Base */ = {isa = PBXFileReference; lastKnownFileType = file.storyboard; name = Base; path = Base.lproj/LaunchScreen.storyboard; sourceTree = "<group>"; };
		C1EA2F842A38F9C900F192D8 /* Info.plist */ = {isa = PBXFileReference; lastKnownFileType = text.plist.xml; path = Info.plist; sourceTree = "<group>"; };
		C1EA2F892A38F9C900F192D8 /* BloggyTests.xctest */ = {isa = PBXFileReference; explicitFileType = wrapper.cfbundle; includeInIndex = 0; path = BloggyTests.xctest; sourceTree = BUILT_PRODUCTS_DIR; };
		C1EA2F8D2A38F9C900F192D8 /* BloggyTests.swift */ = {isa = PBXFileReference; lastKnownFileType = sourcecode.swift; path = BloggyTests.swift; sourceTree = "<group>"; };
		C1EA2F932A38F9C900F192D8 /* BloggyUITests.xctest */ = {isa = PBXFileReference; explicitFileType = wrapper.cfbundle; includeInIndex = 0; path = BloggyUITests.xctest; sourceTree = BUILT_PRODUCTS_DIR; };
		C1EA2F972A38F9C900F192D8 /* BloggyUITests.swift */ = {isa = PBXFileReference; lastKnownFileType = sourcecode.swift; path = BloggyUITests.swift; sourceTree = "<group>"; };
		C1EA2F992A38F9C900F192D8 /* BloggyUITestsLaunchTests.swift */ = {isa = PBXFileReference; lastKnownFileType = sourcecode.swift; path = BloggyUITestsLaunchTests.swift; sourceTree = "<group>"; };
		C1EA2FB42A39034600F192D8 /* Blog.swift */ = {isa = PBXFileReference; lastKnownFileType = sourcecode.swift; path = Blog.swift; sourceTree = "<group>"; };
		C1EA2FBA2A39062C00F192D8 /* BlogCell.swift */ = {isa = PBXFileReference; lastKnownFileType = sourcecode.swift; path = BlogCell.swift; sourceTree = "<group>"; };
		C2A0FA722A3A160000DB068F /* GoogleService-Info.plist */ = {isa = PBXFileReference; fileEncoding = 4; lastKnownFileType = text.plist.xml; path = "GoogleService-Info.plist"; sourceTree = "<group>"; };
		C2A0FA762A3A250300DB068F /* FirebaseManager.swift */ = {isa = PBXFileReference; lastKnownFileType = sourcecode.swift; path = FirebaseManager.swift; sourceTree = "<group>"; };
		C2D81FC92A3C7EAD00682BE3 /* BlogViewController.swift */ = {isa = PBXFileReference; lastKnownFileType = sourcecode.swift; path = BlogViewController.swift; sourceTree = "<group>"; };
/* End PBXFileReference section */

/* Begin PBXFrameworksBuildPhase section */
		C1EA2F6D2A38F9C800F192D8 /* Frameworks */ = {
			isa = PBXFrameworksBuildPhase;
			buildActionMask = 2147483647;
			files = (
				C1EA2FAC2A38FACD00F192D8 /* FirebaseDatabaseSwift in Frameworks */,
				C1EA2FAE2A38FACD00F192D8 /* FirebaseStorage in Frameworks */,
				C1EA2FAA2A38FACD00F192D8 /* FirebaseDatabase in Frameworks */,
				C1EA2FA82A38FACD00F192D8 /* FirebaseAnalytics in Frameworks */,
			);
			runOnlyForDeploymentPostprocessing = 0;
		};
		C1EA2F862A38F9C900F192D8 /* Frameworks */ = {
			isa = PBXFrameworksBuildPhase;
			buildActionMask = 2147483647;
			files = (
			);
			runOnlyForDeploymentPostprocessing = 0;
		};
		C1EA2F902A38F9C900F192D8 /* Frameworks */ = {
			isa = PBXFrameworksBuildPhase;
			buildActionMask = 2147483647;
			files = (
			);
			runOnlyForDeploymentPostprocessing = 0;
		};
/* End PBXFrameworksBuildPhase section */

/* Begin PBXGroup section */
		C1EA2F672A38F9C800F192D8 = {
			isa = PBXGroup;
			children = (
				C1EA2F722A38F9C800F192D8 /* Bloggy */,
				C1EA2F8C2A38F9C900F192D8 /* BloggyTests */,
				C1EA2F962A38F9C900F192D8 /* BloggyUITests */,
				C1EA2F712A38F9C800F192D8 /* Products */,
			);
			sourceTree = "<group>";
		};
		C1EA2F712A38F9C800F192D8 /* Products */ = {
			isa = PBXGroup;
			children = (
				C1EA2F702A38F9C800F192D8 /* Bloggy.app */,
				C1EA2F892A38F9C900F192D8 /* BloggyTests.xctest */,
				C1EA2F932A38F9C900F192D8 /* BloggyUITests.xctest */,
			);
			name = Products;
			sourceTree = "<group>";
		};
		C1EA2F722A38F9C800F192D8 /* Bloggy */ = {
			isa = PBXGroup;
			children = (
				C1EA2FB92A3905DD00F192D8 /* other */,
				C1EA2FB82A3905AB00F192D8 /* controllers */,
				C1EA2FB32A39033200F192D8 /* model */,
				C1EA2F792A38F9C800F192D8 /* Main.storyboard */,
				C1EA2F7F2A38F9C900F192D8 /* Assets.xcassets */,
				C1EA2F812A38F9C900F192D8 /* LaunchScreen.storyboard */,
				C1EA2F842A38F9C900F192D8 /* Info.plist */,
				C1EA2F7C2A38F9C800F192D8 /* Bloggy.xcdatamodeld */,
			);
			path = Bloggy;
			sourceTree = "<group>";
		};
		C1EA2F8C2A38F9C900F192D8 /* BloggyTests */ = {
			isa = PBXGroup;
			children = (
				C1EA2F8D2A38F9C900F192D8 /* BloggyTests.swift */,
			);
			path = BloggyTests;
			sourceTree = "<group>";
		};
		C1EA2F962A38F9C900F192D8 /* BloggyUITests */ = {
			isa = PBXGroup;
			children = (
				C1EA2F972A38F9C900F192D8 /* BloggyUITests.swift */,
				C1EA2F992A38F9C900F192D8 /* BloggyUITestsLaunchTests.swift */,
			);
			path = BloggyUITests;
			sourceTree = "<group>";
		};
		C1EA2FB32A39033200F192D8 /* model */ = {
			isa = PBXGroup;
			children = (
				C1EA2FB42A39034600F192D8 /* Blog.swift */,
			);
			path = model;
			sourceTree = "<group>";
		};
		C1EA2FB82A3905AB00F192D8 /* controllers */ = {
			isa = PBXGroup;
			children = (
				C1EA2FBA2A39062C00F192D8 /* BlogCell.swift */,
				C1EA2F772A38F9C800F192D8 /* ViewController.swift */,
				C2D81FC92A3C7EAD00682BE3 /* BlogViewController.swift */,
			);
			path = controllers;
			sourceTree = "<group>";
		};
		C1EA2FB92A3905DD00F192D8 /* other */ = {
			isa = PBXGroup;
			children = (
				C2A0FA722A3A160000DB068F /* GoogleService-Info.plist */,
				C1EA2F752A38F9C800F192D8 /* SceneDelegate.swift */,
				C1EA2F732A38F9C800F192D8 /* AppDelegate.swift */,
				C2A0FA762A3A250300DB068F /* FirebaseManager.swift */,
			);
			path = other;
			sourceTree = "<group>";
		};
/* End PBXGroup section */

/* Begin PBXNativeTarget section */
		C1EA2F6F2A38F9C800F192D8 /* Bloggy */ = {
			isa = PBXNativeTarget;
			buildConfigurationList = C1EA2F9D2A38F9C900F192D8 /* Build configuration list for PBXNativeTarget "Bloggy" */;
			buildPhases = (
				C1EA2F6C2A38F9C800F192D8 /* Sources */,
				C1EA2F6D2A38F9C800F192D8 /* Frameworks */,
				C1EA2F6E2A38F9C800F192D8 /* Resources */,
			);
			buildRules = (
			);
			dependencies = (
			);
			name = Bloggy;
			packageProductDependencies = (
				C1EA2FA72A38FACD00F192D8 /* FirebaseAnalytics */,
				C1EA2FA92A38FACD00F192D8 /* FirebaseDatabase */,
				C1EA2FAB2A38FACD00F192D8 /* FirebaseDatabaseSwift */,
				C1EA2FAD2A38FACD00F192D8 /* FirebaseStorage */,
			);
			productName = Bloggy;
			productReference = C1EA2F702A38F9C800F192D8 /* Bloggy.app */;
			productType = "com.apple.product-type.application";
		};
		C1EA2F882A38F9C900F192D8 /* BloggyTests */ = {
			isa = PBXNativeTarget;
			buildConfigurationList = C1EA2FA02A38F9C900F192D8 /* Build configuration list for PBXNativeTarget "BloggyTests" */;
			buildPhases = (
				C1EA2F852A38F9C900F192D8 /* Sources */,
				C1EA2F862A38F9C900F192D8 /* Frameworks */,
				C1EA2F872A38F9C900F192D8 /* Resources */,
			);
			buildRules = (
			);
			dependencies = (
				C1EA2F8B2A38F9C900F192D8 /* PBXTargetDependency */,
			);
			name = BloggyTests;
			productName = BloggyTests;
			productReference = C1EA2F892A38F9C900F192D8 /* BloggyTests.xctest */;
			productType = "com.apple.product-type.bundle.unit-test";
		};
		C1EA2F922A38F9C900F192D8 /* BloggyUITests */ = {
			isa = PBXNativeTarget;
			buildConfigurationList = C1EA2FA32A38F9C900F192D8 /* Build configuration list for PBXNativeTarget "BloggyUITests" */;
			buildPhases = (
				C1EA2F8F2A38F9C900F192D8 /* Sources */,
				C1EA2F902A38F9C900F192D8 /* Frameworks */,
				C1EA2F912A38F9C900F192D8 /* Resources */,
			);
			buildRules = (
			);
			dependencies = (
				C1EA2F952A38F9C900F192D8 /* PBXTargetDependency */,
			);
			name = BloggyUITests;
			productName = BloggyUITests;
			productReference = C1EA2F932A38F9C900F192D8 /* BloggyUITests.xctest */;
			productType = "com.apple.product-type.bundle.ui-testing";
		};
/* End PBXNativeTarget section */

/* Begin PBXProject section */
		C1EA2F682A38F9C800F192D8 /* Project object */ = {
			isa = PBXProject;
			attributes = {
				BuildIndependentTargetsInParallel = 1;
				LastSwiftUpdateCheck = 1430;
				LastUpgradeCheck = 1430;
				TargetAttributes = {
					C1EA2F6F2A38F9C800F192D8 = {
						CreatedOnToolsVersion = 14.3;
					};
					C1EA2F882A38F9C900F192D8 = {
						CreatedOnToolsVersion = 14.3;
						TestTargetID = C1EA2F6F2A38F9C800F192D8;
					};
					C1EA2F922A38F9C900F192D8 = {
						CreatedOnToolsVersion = 14.3;
						TestTargetID = C1EA2F6F2A38F9C800F192D8;
					};
				};
			};
			buildConfigurationList = C1EA2F6B2A38F9C800F192D8 /* Build configuration list for PBXProject "Bloggy" */;
			compatibilityVersion = "Xcode 14.0";
			developmentRegion = en;
			hasScannedForEncodings = 0;
			knownRegions = (
				en,
				Base,
			);
			mainGroup = C1EA2F672A38F9C800F192D8;
			packageReferences = (
				C1EA2FA62A38FACD00F192D8 /* XCRemoteSwiftPackageReference "firebase-ios-sdk" */,
			);
			productRefGroup = C1EA2F712A38F9C800F192D8 /* Products */;
			projectDirPath = "";
			projectRoot = "";
			targets = (
				C1EA2F6F2A38F9C800F192D8 /* Bloggy */,
				C1EA2F882A38F9C900F192D8 /* BloggyTests */,
				C1EA2F922A38F9C900F192D8 /* BloggyUITests */,
			);
		};
/* End PBXProject section */

/* Begin PBXResourcesBuildPhase section */
		C1EA2F6E2A38F9C800F192D8 /* Resources */ = {
			isa = PBXResourcesBuildPhase;
			buildActionMask = 2147483647;
			files = (
				C1EA2F832A38F9C900F192D8 /* LaunchScreen.storyboard in Resources */,
				C2A0FA732A3A160000DB068F /* GoogleService-Info.plist in Resources */,
				C1EA2F802A38F9C900F192D8 /* Assets.xcassets in Resources */,
				C1EA2F7B2A38F9C800F192D8 /* Main.storyboard in Resources */,
			);
			runOnlyForDeploymentPostprocessing = 0;
		};
		C1EA2F872A38F9C900F192D8 /* Resources */ = {
			isa = PBXResourcesBuildPhase;
			buildActionMask = 2147483647;
			files = (
				C2A0FA742A3A160000DB068F /* GoogleService-Info.plist in Resources */,
			);
			runOnlyForDeploymentPostprocessing = 0;
		};
		C1EA2F912A38F9C900F192D8 /* Resources */ = {
			isa = PBXResourcesBuildPhase;
			buildActionMask = 2147483647;
			files = (
				C2A0FA752A3A160000DB068F /* GoogleService-Info.plist in Resources */,
			);
			runOnlyForDeploymentPostprocessing = 0;
		};
/* End PBXResourcesBuildPhase section */

/* Begin PBXSourcesBuildPhase section */
		C1EA2F6C2A38F9C800F192D8 /* Sources */ = {
			isa = PBXSourcesBuildPhase;
			buildActionMask = 2147483647;
			files = (
				C1EA2F782A38F9C800F192D8 /* ViewController.swift in Sources */,
				C1EA2F742A38F9C800F192D8 /* AppDelegate.swift in Sources */,
				C2A0FA772A3A250300DB068F /* FirebaseManager.swift in Sources */,
				C1EA2FB52A39034600F192D8 /* Blog.swift in Sources */,
				C1EA2F762A38F9C800F192D8 /* SceneDelegate.swift in Sources */,
				C1EA2F7E2A38F9C800F192D8 /* Bloggy.xcdatamodeld in Sources */,
				C2D81FCA2A3C7EAD00682BE3 /* BlogViewController.swift in Sources */,
				C1EA2FBB2A39062C00F192D8 /* BlogCell.swift in Sources */,
			);
			runOnlyForDeploymentPostprocessing = 0;
		};
		C1EA2F852A38F9C900F192D8 /* Sources */ = {
			isa = PBXSourcesBuildPhase;
			buildActionMask = 2147483647;
			files = (
				C2A0FA782A3A250300DB068F /* FirebaseManager.swift in Sources */,
				C1EA2F8E2A38F9C900F192D8 /* BloggyTests.swift in Sources */,
				C1EA2FB62A39034600F192D8 /* Blog.swift in Sources */,
			);
			runOnlyForDeploymentPostprocessing = 0;
		};
		C1EA2F8F2A38F9C900F192D8 /* Sources */ = {
			isa = PBXSourcesBuildPhase;
			buildActionMask = 2147483647;
			files = (
				C2A0FA792A3A250300DB068F /* FirebaseManager.swift in Sources */,
				C1EA2FB72A39034600F192D8 /* Blog.swift in Sources */,
				C1EA2F9A2A38F9C900F192D8 /* BloggyUITestsLaunchTests.swift in Sources */,
				C1EA2F982A38F9C900F192D8 /* BloggyUITests.swift in Sources */,
			);
			runOnlyForDeploymentPostprocessing = 0;
		};
/* End PBXSourcesBuildPhase section */

/* Begin PBXTargetDependency section */
		C1EA2F8B2A38F9C900F192D8 /* PBXTargetDependency */ = {
			isa = PBXTargetDependency;
			target = C1EA2F6F2A38F9C800F192D8 /* Bloggy */;
			targetProxy = C1EA2F8A2A38F9C900F192D8 /* PBXContainerItemProxy */;
		};
		C1EA2F952A38F9C900F192D8 /* PBXTargetDependency */ = {
			isa = PBXTargetDependency;
			target = C1EA2F6F2A38F9C800F192D8 /* Bloggy */;
			targetProxy = C1EA2F942A38F9C900F192D8 /* PBXContainerItemProxy */;
		};
/* End PBXTargetDependency section */

/* Begin PBXVariantGroup section */
		C1EA2F792A38F9C800F192D8 /* Main.storyboard */ = {
			isa = PBXVariantGroup;
			children = (
				C1EA2F7A2A38F9C800F192D8 /* Base */,
			);
			name = Main.storyboard;
			sourceTree = "<group>";
		};
		C1EA2F812A38F9C900F192D8 /* LaunchScreen.storyboard */ = {
			isa = PBXVariantGroup;
			children = (
				C1EA2F822A38F9C900F192D8 /* Base */,
			);
			name = LaunchScreen.storyboard;
			sourceTree = "<group>";
		};
/* End PBXVariantGroup section */

/* Begin XCBuildConfiguration section */
		C1EA2F9B2A38F9C900F192D8 /* Debug */ = {
			isa = XCBuildConfiguration;
			buildSettings = {
				ALWAYS_SEARCH_USER_PATHS = NO;
				CLANG_ANALYZER_NONNULL = YES;
				CLANG_ANALYZER_NUMBER_OBJECT_CONVERSION = YES_AGGRESSIVE;
				CLANG_CXX_LANGUAGE_STANDARD = "gnu++20";
				CLANG_ENABLE_MODULES = YES;
				CLANG_ENABLE_OBJC_ARC = YES;
				CLANG_ENABLE_OBJC_WEAK = YES;
				CLANG_WARN_BLOCK_CAPTURE_AUTORELEASING = YES;
				CLANG_WARN_BOOL_CONVERSION = YES;
				CLANG_WARN_COMMA = YES;
				CLANG_WARN_CONSTANT_CONVERSION = YES;
				CLANG_WARN_DEPRECATED_OBJC_IMPLEMENTATIONS = YES;
				CLANG_WARN_DIRECT_OBJC_ISA_USAGE = YES_ERROR;
				CLANG_WARN_DOCUMENTATION_COMMENTS = YES;
				CLANG_WARN_EMPTY_BODY = YES;
				CLANG_WARN_ENUM_CONVERSION = YES;
				CLANG_WARN_INFINITE_RECURSION = YES;
				CLANG_WARN_INT_CONVERSION = YES;
				CLANG_WARN_NON_LITERAL_NULL_CONVERSION = YES;
				CLANG_WARN_OBJC_IMPLICIT_RETAIN_SELF = YES;
				CLANG_WARN_OBJC_LITERAL_CONVERSION = YES;
				CLANG_WARN_OBJC_ROOT_CLASS = YES_ERROR;
				CLANG_WARN_QUOTED_INCLUDE_IN_FRAMEWORK_HEADER = YES;
				CLANG_WARN_RANGE_LOOP_ANALYSIS = YES;
				CLANG_WARN_STRICT_PROTOTYPES = YES;
				CLANG_WARN_SUSPICIOUS_MOVE = YES;
				CLANG_WARN_UNGUARDED_AVAILABILITY = YES_AGGRESSIVE;
				CLANG_WARN_UNREACHABLE_CODE = YES;
				CLANG_WARN__DUPLICATE_METHOD_MATCH = YES;
				COPY_PHASE_STRIP = NO;
				DEBUG_INFORMATION_FORMAT = dwarf;
				ENABLE_STRICT_OBJC_MSGSEND = YES;
				ENABLE_TESTABILITY = YES;
				GCC_C_LANGUAGE_STANDARD = gnu11;
				GCC_DYNAMIC_NO_PIC = NO;
				GCC_NO_COMMON_BLOCKS = YES;
				GCC_OPTIMIZATION_LEVEL = 0;
				GCC_PREPROCESSOR_DEFINITIONS = (
					"DEBUG=1",
					"$(inherited)",
				);
				GCC_WARN_64_TO_32_BIT_CONVERSION = YES;
				GCC_WARN_ABOUT_RETURN_TYPE = YES_ERROR;
				GCC_WARN_UNDECLARED_SELECTOR = YES;
				GCC_WARN_UNINITIALIZED_AUTOS = YES_AGGRESSIVE;
				GCC_WARN_UNUSED_FUNCTION = YES;
				GCC_WARN_UNUSED_VARIABLE = YES;
				IPHONEOS_DEPLOYMENT_TARGET = 16.4;
				MTL_ENABLE_DEBUG_INFO = INCLUDE_SOURCE;
				MTL_FAST_MATH = YES;
				ONLY_ACTIVE_ARCH = YES;
				SDKROOT = iphoneos;
				SWIFT_ACTIVE_COMPILATION_CONDITIONS = DEBUG;
				SWIFT_OPTIMIZATION_LEVEL = "-Onone";
			};
			name = Debug;
		};
		C1EA2F9C2A38F9C900F192D8 /* Release */ = {
			isa = XCBuildConfiguration;
			buildSettings = {
				ALWAYS_SEARCH_USER_PATHS = NO;
				CLANG_ANALYZER_NONNULL = YES;
				CLANG_ANALYZER_NUMBER_OBJECT_CONVERSION = YES_AGGRESSIVE;
				CLANG_CXX_LANGUAGE_STANDARD = "gnu++20";
				CLANG_ENABLE_MODULES = YES;
				CLANG_ENABLE_OBJC_ARC = YES;
				CLANG_ENABLE_OBJC_WEAK = YES;
				CLANG_WARN_BLOCK_CAPTURE_AUTORELEASING = YES;
				CLANG_WARN_BOOL_CONVERSION = YES;
				CLANG_WARN_COMMA = YES;
				CLANG_WARN_CONSTANT_CONVERSION = YES;
				CLANG_WARN_DEPRECATED_OBJC_IMPLEMENTATIONS = YES;
				CLANG_WARN_DIRECT_OBJC_ISA_USAGE = YES_ERROR;
				CLANG_WARN_DOCUMENTATION_COMMENTS = YES;
				CLANG_WARN_EMPTY_BODY = YES;
				CLANG_WARN_ENUM_CONVERSION = YES;
				CLANG_WARN_INFINITE_RECURSION = YES;
				CLANG_WARN_INT_CONVERSION = YES;
				CLANG_WARN_NON_LITERAL_NULL_CONVERSION = YES;
				CLANG_WARN_OBJC_IMPLICIT_RETAIN_SELF = YES;
				CLANG_WARN_OBJC_LITERAL_CONVERSION = YES;
				CLANG_WARN_OBJC_ROOT_CLASS = YES_ERROR;
				CLANG_WARN_QUOTED_INCLUDE_IN_FRAMEWORK_HEADER = YES;
				CLANG_WARN_RANGE_LOOP_ANALYSIS = YES;
				CLANG_WARN_STRICT_PROTOTYPES = YES;
				CLANG_WARN_SUSPICIOUS_MOVE = YES;
				CLANG_WARN_UNGUARDED_AVAILABILITY = YES_AGGRESSIVE;
				CLANG_WARN_UNREACHABLE_CODE = YES;
				CLANG_WARN__DUPLICATE_METHOD_MATCH = YES;
				COPY_PHASE_STRIP = NO;
				DEBUG_INFORMATION_FORMAT = "dwarf-with-dsym";
				ENABLE_NS_ASSERTIONS = NO;
				ENABLE_STRICT_OBJC_MSGSEND = YES;
				GCC_C_LANGUAGE_STANDARD = gnu11;
				GCC_NO_COMMON_BLOCKS = YES;
				GCC_WARN_64_TO_32_BIT_CONVERSION = YES;
				GCC_WARN_ABOUT_RETURN_TYPE = YES_ERROR;
				GCC_WARN_UNDECLARED_SELECTOR = YES;
				GCC_WARN_UNINITIALIZED_AUTOS = YES_AGGRESSIVE;
				GCC_WARN_UNUSED_FUNCTION = YES;
				GCC_WARN_UNUSED_VARIABLE = YES;
				IPHONEOS_DEPLOYMENT_TARGET = 16.4;
				MTL_ENABLE_DEBUG_INFO = NO;
				MTL_FAST_MATH = YES;
				SDKROOT = iphoneos;
				SWIFT_COMPILATION_MODE = wholemodule;
				SWIFT_OPTIMIZATION_LEVEL = "-O";
				VALIDATE_PRODUCT = YES;
			};
			name = Release;
		};
		C1EA2F9E2A38F9C900F192D8 /* Debug */ = {
			isa = XCBuildConfiguration;
			buildSettings = {
				ASSETCATALOG_COMPILER_APPICON_NAME = AppIcon;
				ASSETCATALOG_COMPILER_GLOBAL_ACCENT_COLOR_NAME = AccentColor;
				CODE_SIGN_STYLE = Automatic;
				CURRENT_PROJECT_VERSION = 1;
				GENERATE_INFOPLIST_FILE = YES;
				INFOPLIST_FILE = Bloggy/Info.plist;
				INFOPLIST_KEY_UIApplicationSupportsIndirectInputEvents = YES;
				INFOPLIST_KEY_UILaunchStoryboardName = LaunchScreen;
				INFOPLIST_KEY_UIMainStoryboardFile = Main;
				INFOPLIST_KEY_UISupportedInterfaceOrientations_iPad = "UIInterfaceOrientationPortrait UIInterfaceOrientationPortraitUpsideDown UIInterfaceOrientationLandscapeLeft UIInterfaceOrientationLandscapeRight";
				INFOPLIST_KEY_UISupportedInterfaceOrientations_iPhone = "UIInterfaceOrientationPortrait UIInterfaceOrientationLandscapeLeft UIInterfaceOrientationLandscapeRight";
				LD_RUNPATH_SEARCH_PATHS = (
					"$(inherited)",
					"@executable_path/Frameworks",
				);
				MARKETING_VERSION = 1.0;
				PRODUCT_BUNDLE_IDENTIFIER = com.vadim.Bloggy;
				PRODUCT_NAME = "$(TARGET_NAME)";
				SUPPORTED_PLATFORMS = "iphoneos iphonesimulator";
				SUPPORTS_MACCATALYST = NO;
				SUPPORTS_MAC_DESIGNED_FOR_IPHONE_IPAD = NO;
				SWIFT_EMIT_LOC_STRINGS = YES;
				SWIFT_VERSION = 5.0;
				TARGETED_DEVICE_FAMILY = 1;
			};
			name = Debug;
		};
		C1EA2F9F2A38F9C900F192D8 /* Release */ = {
			isa = XCBuildConfiguration;
			buildSettings = {
				ASSETCATALOG_COMPILER_APPICON_NAME = AppIcon;
				ASSETCATALOG_COMPILER_GLOBAL_ACCENT_COLOR_NAME = AccentColor;
				CODE_SIGN_STYLE = Automatic;
				CURRENT_PROJECT_VERSION = 1;
				GENERATE_INFOPLIST_FILE = YES;
				INFOPLIST_FILE = Bloggy/Info.plist;
				INFOPLIST_KEY_UIApplicationSupportsIndirectInputEvents = YES;
				INFOPLIST_KEY_UILaunchStoryboardName = LaunchScreen;
				INFOPLIST_KEY_UIMainStoryboardFile = Main;
				INFOPLIST_KEY_UISupportedInterfaceOrientations_iPad = "UIInterfaceOrientationPortrait UIInterfaceOrientationPortraitUpsideDown UIInterfaceOrientationLandscapeLeft UIInterfaceOrientationLandscapeRight";
				INFOPLIST_KEY_UISupportedInterfaceOrientations_iPhone = "UIInterfaceOrientationPortrait UIInterfaceOrientationLandscapeLeft UIInterfaceOrientationLandscapeRight";
				LD_RUNPATH_SEARCH_PATHS = (
					"$(inherited)",
					"@executable_path/Frameworks",
				);
				MARKETING_VERSION = 1.0;
				PRODUCT_BUNDLE_IDENTIFIER = com.vadim.Bloggy;
				PRODUCT_NAME = "$(TARGET_NAME)";
				SUPPORTED_PLATFORMS = "iphoneos iphonesimulator";
				SUPPORTS_MACCATALYST = NO;
				SUPPORTS_MAC_DESIGNED_FOR_IPHONE_IPAD = NO;
				SWIFT_EMIT_LOC_STRINGS = YES;
				SWIFT_VERSION = 5.0;
				TARGETED_DEVICE_FAMILY = 1;
			};
			name = Release;
		};
		C1EA2FA12A38F9C900F192D8 /* Debug */ = {
			isa = XCBuildConfiguration;
			buildSettings = {
				ALWAYS_EMBED_SWIFT_STANDARD_LIBRARIES = YES;
				BUNDLE_LOADER = "$(TEST_HOST)";
				CODE_SIGN_STYLE = Automatic;
				CURRENT_PROJECT_VERSION = 1;
				GENERATE_INFOPLIST_FILE = YES;
				IPHONEOS_DEPLOYMENT_TARGET = 16.4;
				MARKETING_VERSION = 1.0;
				PRODUCT_BUNDLE_IDENTIFIER = com.vadim.BloggyTests;
				PRODUCT_NAME = "$(TARGET_NAME)";
				SWIFT_EMIT_LOC_STRINGS = NO;
				SWIFT_VERSION = 5.0;
				TARGETED_DEVICE_FAMILY = "1,2";
				TEST_HOST = "$(BUILT_PRODUCTS_DIR)/Bloggy.app/$(BUNDLE_EXECUTABLE_FOLDER_PATH)/Bloggy";
			};
			name = Debug;
		};
		C1EA2FA22A38F9C900F192D8 /* Release */ = {
			isa = XCBuildConfiguration;
			buildSettings = {
				ALWAYS_EMBED_SWIFT_STANDARD_LIBRARIES = YES;
				BUNDLE_LOADER = "$(TEST_HOST)";
				CODE_SIGN_STYLE = Automatic;
				CURRENT_PROJECT_VERSION = 1;
				GENERATE_INFOPLIST_FILE = YES;
				IPHONEOS_DEPLOYMENT_TARGET = 16.4;
				MARKETING_VERSION = 1.0;
				PRODUCT_BUNDLE_IDENTIFIER = com.vadim.BloggyTests;
				PRODUCT_NAME = "$(TARGET_NAME)";
				SWIFT_EMIT_LOC_STRINGS = NO;
				SWIFT_VERSION = 5.0;
				TARGETED_DEVICE_FAMILY = "1,2";
				TEST_HOST = "$(BUILT_PRODUCTS_DIR)/Bloggy.app/$(BUNDLE_EXECUTABLE_FOLDER_PATH)/Bloggy";
			};
			name = Release;
		};
		C1EA2FA42A38F9C900F192D8 /* Debug */ = {
			isa = XCBuildConfiguration;
			buildSettings = {
				ALWAYS_EMBED_SWIFT_STANDARD_LIBRARIES = YES;
				CODE_SIGN_STYLE = Automatic;
				CURRENT_PROJECT_VERSION = 1;
				GENERATE_INFOPLIST_FILE = YES;
				MARKETING_VERSION = 1.0;
				PRODUCT_BUNDLE_IDENTIFIER = com.vadim.BloggyUITests;
				PRODUCT_NAME = "$(TARGET_NAME)";
				SWIFT_EMIT_LOC_STRINGS = NO;
				SWIFT_VERSION = 5.0;
				TARGETED_DEVICE_FAMILY = "1,2";
				TEST_TARGET_NAME = Bloggy;
			};
			name = Debug;
		};
		C1EA2FA52A38F9C900F192D8 /* Release */ = {
			isa = XCBuildConfiguration;
			buildSettings = {
				ALWAYS_EMBED_SWIFT_STANDARD_LIBRARIES = YES;
				CODE_SIGN_STYLE = Automatic;
				CURRENT_PROJECT_VERSION = 1;
				GENERATE_INFOPLIST_FILE = YES;
				MARKETING_VERSION = 1.0;
				PRODUCT_BUNDLE_IDENTIFIER = com.vadim.BloggyUITests;
				PRODUCT_NAME = "$(TARGET_NAME)";
				SWIFT_EMIT_LOC_STRINGS = NO;
				SWIFT_VERSION = 5.0;
				TARGETED_DEVICE_FAMILY = "1,2";
				TEST_TARGET_NAME = Bloggy;
			};
			name = Release;
		};
/* End XCBuildConfiguration section */

/* Begin XCConfigurationList section */
		C1EA2F6B2A38F9C800F192D8 /* Build configuration list for PBXProject "Bloggy" */ = {
			isa = XCConfigurationList;
			buildConfigurations = (
				C1EA2F9B2A38F9C900F192D8 /* Debug */,
				C1EA2F9C2A38F9C900F192D8 /* Release */,
			);
			defaultConfigurationIsVisible = 0;
			defaultConfigurationName = Release;
		};
		C1EA2F9D2A38F9C900F192D8 /* Build configuration list for PBXNativeTarget "Bloggy" */ = {
			isa = XCConfigurationList;
			buildConfigurations = (
				C1EA2F9E2A38F9C900F192D8 /* Debug */,
				C1EA2F9F2A38F9C900F192D8 /* Release */,
			);
			defaultConfigurationIsVisible = 0;
			defaultConfigurationName = Release;
		};
		C1EA2FA02A38F9C900F192D8 /* Build configuration list for PBXNativeTarget "BloggyTests" */ = {
			isa = XCConfigurationList;
			buildConfigurations = (
				C1EA2FA12A38F9C900F192D8 /* Debug */,
				C1EA2FA22A38F9C900F192D8 /* Release */,
			);
			defaultConfigurationIsVisible = 0;
			defaultConfigurationName = Release;
		};
		C1EA2FA32A38F9C900F192D8 /* Build configuration list for PBXNativeTarget "BloggyUITests" */ = {
			isa = XCConfigurationList;
			buildConfigurations = (
				C1EA2FA42A38F9C900F192D8 /* Debug */,
				C1EA2FA52A38F9C900F192D8 /* Release */,
			);
			defaultConfigurationIsVisible = 0;
			defaultConfigurationName = Release;
		};
/* End XCConfigurationList section */

/* Begin XCRemoteSwiftPackageReference section */
		C1EA2FA62A38FACD00F192D8 /* XCRemoteSwiftPackageReference "firebase-ios-sdk" */ = {
			isa = XCRemoteSwiftPackageReference;
			repositoryURL = "https://github.com/firebase/firebase-ios-sdk";
			requirement = {
				kind = upToNextMajorVersion;
				minimumVersion = 10.0.0;
			};
		};
/* End XCRemoteSwiftPackageReference section */

/* Begin XCSwiftPackageProductDependency section */
		C1EA2FA72A38FACD00F192D8 /* FirebaseAnalytics */ = {
			isa = XCSwiftPackageProductDependency;
			package = C1EA2FA62A38FACD00F192D8 /* XCRemoteSwiftPackageReference "firebase-ios-sdk" */;
			productName = FirebaseAnalytics;
		};
		C1EA2FA92A38FACD00F192D8 /* FirebaseDatabase */ = {
			isa = XCSwiftPackageProductDependency;
			package = C1EA2FA62A38FACD00F192D8 /* XCRemoteSwiftPackageReference "firebase-ios-sdk" */;
			productName = FirebaseDatabase;
		};
		C1EA2FAB2A38FACD00F192D8 /* FirebaseDatabaseSwift */ = {
			isa = XCSwiftPackageProductDependency;
			package = C1EA2FA62A38FACD00F192D8 /* XCRemoteSwiftPackageReference "firebase-ios-sdk" */;
			productName = FirebaseDatabaseSwift;
		};
		C1EA2FAD2A38FACD00F192D8 /* FirebaseStorage */ = {
			isa = XCSwiftPackageProductDependency;
			package = C1EA2FA62A38FACD00F192D8 /* XCRemoteSwiftPackageReference "firebase-ios-sdk" */;
			productName = FirebaseStorage;
		};
/* End XCSwiftPackageProductDependency section */

/* Begin XCVersionGroup section */
		C1EA2F7C2A38F9C800F192D8 /* Bloggy.xcdatamodeld */ = {
			isa = XCVersionGroup;
			children = (
				C1EA2F7D2A38F9C800F192D8 /* Bloggy.xcdatamodel */,
			);
			currentVersion = C1EA2F7D2A38F9C800F192D8 /* Bloggy.xcdatamodel */;
			path = Bloggy.xcdatamodeld;
			sourceTree = "<group>";
			versionGroupType = wrapper.xcdatamodel;
		};
/* End XCVersionGroup section */
	};
	rootObject = C1EA2F682A38F9C800F192D8 /* Project object */;
}
